// !$*UTF8*$!
{
	archiveVersion = 1;
	classes = {
	};
	objectVersion = 51;
	objects = {

/* Begin PBXBuildFile section */
		2E0590F423460461009C78CF /* DescriptionCell.swift in Sources */ = {isa = PBXBuildFile; fileRef = 2E0590F323460461009C78CF /* DescriptionCell.swift */; };
		2E089A8C2226C9780004FC07 /* Localizable.plist in Resources */ = {isa = PBXBuildFile; fileRef = 2E089A892226C9770004FC07 /* Localizable.plist */; };
		2E0DA0432227C61500AA9B7C /* LanguageStrings.swift in Sources */ = {isa = PBXBuildFile; fileRef = 2E0DA0422227C61500AA9B7C /* LanguageStrings.swift */; };
		2E0E75C22223FA9100DAD984 /* Reach.swift in Sources */ = {isa = PBXBuildFile; fileRef = 2E0E75C12223FA9100DAD984 /* Reach.swift */; };
		2E0EE9FA227473050066009C /* UIView_Borders.swift in Sources */ = {isa = PBXBuildFile; fileRef = 2E0EE9F9227473050066009C /* UIView_Borders.swift */; };
		2E13E545234DBDD50036E2E4 /* OfferCell.swift in Sources */ = {isa = PBXBuildFile; fileRef = 2E13E544234DBDD50036E2E4 /* OfferCell.swift */; };
		2E13E547234DE5BE0036E2E4 /* AddressBookVC.swift in Sources */ = {isa = PBXBuildFile; fileRef = 2E13E546234DE5BE0036E2E4 /* AddressBookVC.swift */; };
		2E13E549234DE9D20036E2E4 /* NotificationVC.swift in Sources */ = {isa = PBXBuildFile; fileRef = 2E13E548234DE9D20036E2E4 /* NotificationVC.swift */; };
		2E13E54B234DEEFC0036E2E4 /* AddAddressVC.swift in Sources */ = {isa = PBXBuildFile; fileRef = 2E13E54A234DEEFC0036E2E4 /* AddAddressVC.swift */; };
		2E13E54E234DFE510036E2E4 /* SettingVC.swift in Sources */ = {isa = PBXBuildFile; fileRef = 2E13E54D234DFE510036E2E4 /* SettingVC.swift */; };
		2E13E550234DFF740036E2E4 /* SettingCell.swift in Sources */ = {isa = PBXBuildFile; fileRef = 2E13E54F234DFF740036E2E4 /* SettingCell.swift */; };
		2E13E559234F0A490036E2E4 /* ReturnView.xib in Resources */ = {isa = PBXBuildFile; fileRef = 2E13E558234F0A490036E2E4 /* ReturnView.xib */; };
		2E13E55D234F0BBB0036E2E4 /* ReturnView.swift in Sources */ = {isa = PBXBuildFile; fileRef = 2E13E55C234F0BBB0036E2E4 /* ReturnView.swift */; };
		2E20AA97231FC7F800EFB53D /* HomeVC.swift in Sources */ = {isa = PBXBuildFile; fileRef = 2E20AA96231FC7F800EFB53D /* HomeVC.swift */; };
		2E2CC2952326602500B7D044 /* HomeCell.swift in Sources */ = {isa = PBXBuildFile; fileRef = 2E2CC2942326602500B7D044 /* HomeCell.swift */; };
		2E3A28042332509400D76E8F /* CartVC.swift in Sources */ = {isa = PBXBuildFile; fileRef = 2E3A28032332509400D76E8F /* CartVC.swift */; };
		2E571C41221BE63000CC7394 /* InitialWorkTests.swift in Sources */ = {isa = PBXBuildFile; fileRef = 2E571C40221BE63000CC7394 /* InitialWorkTests.swift */; };
		2E571C4C221BE63000CC7394 /* InitialWorkUITests.swift in Sources */ = {isa = PBXBuildFile; fileRef = 2E571C4B221BE63000CC7394 /* InitialWorkUITests.swift */; };
		2E6FBE6523435E1D00055E2E /* ProductDetailVC.swift in Sources */ = {isa = PBXBuildFile; fileRef = 2E6FBE6423435E1D00055E2E /* ProductDetailVC.swift */; };
		2E6FBE6923436E2900055E2E /* ProImageCell.swift in Sources */ = {isa = PBXBuildFile; fileRef = 2E6FBE6823436E2900055E2E /* ProImageCell.swift */; };
		2E6FBE6B2343705F00055E2E /* FirstDetailCell.swift in Sources */ = {isa = PBXBuildFile; fileRef = 2E6FBE6A2343705F00055E2E /* FirstDetailCell.swift */; };
		2E6FBE6D234380F400055E2E /* StorageCell.swift in Sources */ = {isa = PBXBuildFile; fileRef = 2E6FBE6C234380F400055E2E /* StorageCell.swift */; };
		2E6FBE71234385CE00055E2E /* SecondCell.swift in Sources */ = {isa = PBXBuildFile; fileRef = 2E6FBE70234385CE00055E2E /* SecondCell.swift */; };
		2E7488962333906200EC8B1F /* ListAdressCell.swift in Sources */ = {isa = PBXBuildFile; fileRef = 2E7488952333906200EC8B1F /* ListAdressCell.swift */; };
		2E77CC402338CCFA00103610 /* SubCategoryVC.swift in Sources */ = {isa = PBXBuildFile; fileRef = 2E77CC3F2338CCFA00103610 /* SubCategoryVC.swift */; };
		2E7FE21C22F2AA3900F36439 /* Okta.plist in Resources */ = {isa = PBXBuildFile; fileRef = 2E7FE21B22F2AA3900F36439 /* Okta.plist */; };
		2E86B08D2328D11600569EB9 /* MyTabContoller.swift in Sources */ = {isa = PBXBuildFile; fileRef = 2E86B08C2328D11600569EB9 /* MyTabContoller.swift */; };
		2E86B08F2329109E00569EB9 /* HProductListCell.swift in Sources */ = {isa = PBXBuildFile; fileRef = 2E86B08E2329109E00569EB9 /* HProductListCell.swift */; };
		2E9708932320DE4D0022D55B /* WalkThroughVC.swift in Sources */ = {isa = PBXBuildFile; fileRef = 2E9708922320DE4D0022D55B /* WalkThroughVC.swift */; };
		2E9708962320DECC0022D55B /* CarouselCollectionViewCell.swift in Sources */ = {isa = PBXBuildFile; fileRef = 2E9708942320DECC0022D55B /* CarouselCollectionViewCell.swift */; };
		2E9708972320DECC0022D55B /* Character.swift in Sources */ = {isa = PBXBuildFile; fileRef = 2E9708952320DECC0022D55B /* Character.swift */; };
		2E9708992320DEF30022D55B /* GradientView.swift in Sources */ = {isa = PBXBuildFile; fileRef = 2E9708982320DEF30022D55B /* GradientView.swift */; };
		2E9CE020233112A100565183 /* BrandsCell.swift in Sources */ = {isa = PBXBuildFile; fileRef = 2E9CE01F233112A100565183 /* BrandsCell.swift */; };
		2EA186D0231F91B300871AE3 /* OTPvc.swift in Sources */ = {isa = PBXBuildFile; fileRef = 2EA186CF231F91B300871AE3 /* OTPvc.swift */; };
		2EA186D2231F948C00871AE3 /* JAPinView.framework in Frameworks */ = {isa = PBXBuildFile; fileRef = 2EA186D1231F948C00871AE3 /* JAPinView.framework */; settings = {ATTRIBUTES = (Required, ); }; };
		2EA8F217231D2CE800D99D6D /* Utils.swift in Sources */ = {isa = PBXBuildFile; fileRef = 2EA8F216231D2CE800D99D6D /* Utils.swift */; };
		2EAAA62F221C219D00AE9B4D /* ParentViewController.swift in Sources */ = {isa = PBXBuildFile; fileRef = 2EAAA62E221C219D00AE9B4D /* ParentViewController.swift */; };
		2EAC79752223F00B00BAA8F6 /* Network.framework in Frameworks */ = {isa = PBXBuildFile; fileRef = 2EAC79742223F00B00BAA8F6 /* Network.framework */; };
		2EAF20FA232A714D0045DF8B /* CategoryCell.swift in Sources */ = {isa = PBXBuildFile; fileRef = 2EAF20F9232A714D0045DF8B /* CategoryCell.swift */; };
		2EB034AB233A2A2F004A308F /* MyOrderCell.swift in Sources */ = {isa = PBXBuildFile; fileRef = 2EB034AA233A2A2F004A308F /* MyOrderCell.swift */; };
		2EB034AD233A2A70004A308F /* MyOrderVC.swift in Sources */ = {isa = PBXBuildFile; fileRef = 2EB034AC233A2A70004A308F /* MyOrderVC.swift */; };
		2EB07D15221BEBC200242F2D /* Assets.xcassets in Resources */ = {isa = PBXBuildFile; fileRef = 2EB07D0B221BEBC200242F2D /* Assets.xcassets */; };
		2EB07D16221BEBC200242F2D /* LaunchScreen.storyboard in Resources */ = {isa = PBXBuildFile; fileRef = 2EB07D0C221BEBC200242F2D /* LaunchScreen.storyboard */; };
		2EB07D17221BEBC200242F2D /* Main.storyboard in Resources */ = {isa = PBXBuildFile; fileRef = 2EB07D0E221BEBC200242F2D /* Main.storyboard */; };
		2EB07D18221BEBC200242F2D /* AppDelegate.swift in Sources */ = {isa = PBXBuildFile; fileRef = 2EB07D11221BEBC200242F2D /* AppDelegate.swift */; };
		2EB07D33221BEC6D00242F2D /* AlertManager.swift in Sources */ = {isa = PBXBuildFile; fileRef = 2EB07D1E221BEC6D00242F2D /* AlertManager.swift */; };
		2EB07D34221BEC6D00242F2D /* Hud.swift in Sources */ = {isa = PBXBuildFile; fileRef = 2EB07D20221BEC6D00242F2D /* Hud.swift */; };
		2EB07D36221BEC6D00242F2D /* Strings.swift in Sources */ = {isa = PBXBuildFile; fileRef = 2EB07D25221BEC6D00242F2D /* Strings.swift */; };
		2EB07D37221BEC6D00242F2D /* Consts.swift in Sources */ = {isa = PBXBuildFile; fileRef = 2EB07D26221BEC6D00242F2D /* Consts.swift */; };
		2EB07D38221BEC6D00242F2D /* Enums.swift in Sources */ = {isa = PBXBuildFile; fileRef = 2EB07D27221BEC6D00242F2D /* Enums.swift */; };
		2EB07D39221BEC6D00242F2D /* RoundedView.swift in Sources */ = {isa = PBXBuildFile; fileRef = 2EB07D28221BEC6D00242F2D /* RoundedView.swift */; };
		2EB07D3A221BEC6D00242F2D /* UserData.swift in Sources */ = {isa = PBXBuildFile; fileRef = 2EB07D29221BEC6D00242F2D /* UserData.swift */; };
		2EB07D3B221BEC6D00242F2D /* Extensions.swift in Sources */ = {isa = PBXBuildFile; fileRef = 2EB07D2A221BEC6D00242F2D /* Extensions.swift */; };
		2EB07D3C221BEC6D00242F2D /* Validation.swift in Sources */ = {isa = PBXBuildFile; fileRef = 2EB07D2B221BEC6D00242F2D /* Validation.swift */; };
		2EB07D3D221BEC6D00242F2D /* GasStation.swift in Sources */ = {isa = PBXBuildFile; fileRef = 2EB07D2E221BEC6D00242F2D /* GasStation.swift */; };
		2EB07D3E221BEC6D00242F2D /* ApiManager.swift in Sources */ = {isa = PBXBuildFile; fileRef = 2EB07D2F221BEC6D00242F2D /* ApiManager.swift */; };
		2EB07D3F221BEC6D00242F2D /* ApiCommunicator.swift in Sources */ = {isa = PBXBuildFile; fileRef = 2EB07D30221BEC6D00242F2D /* ApiCommunicator.swift */; };
		2EB07D40221BEC6D00242F2D /* Gasstation.swift in Sources */ = {isa = PBXBuildFile; fileRef = 2EB07D32221BEC6D00242F2D /* Gasstation.swift */; };
		2EBE25EF2354871C00E07B26 /* FeedBackVC.swift in Sources */ = {isa = PBXBuildFile; fileRef = 2EBE25EE2354871C00E07B26 /* FeedBackVC.swift */; };
		2EBE25F12354876F00E07B26 /* EmojiCell.swift in Sources */ = {isa = PBXBuildFile; fileRef = 2EBE25F02354876F00E07B26 /* EmojiCell.swift */; };
		2EC1B4AD233B69A200708B51 /* OrderDetailVC.swift in Sources */ = {isa = PBXBuildFile; fileRef = 2EC1B4AC233B69A200708B51 /* OrderDetailVC.swift */; };
		2EC1B4AF233B6C6700708B51 /* ProductDetailCell.swift in Sources */ = {isa = PBXBuildFile; fileRef = 2EC1B4AE233B6C6700708B51 /* ProductDetailCell.swift */; };
		2EC1B4B1233B8A5C00708B51 /* FilterVC.swift in Sources */ = {isa = PBXBuildFile; fileRef = 2EC1B4B0233B8A5C00708B51 /* FilterVC.swift */; };
		2EC43E46234729EA00DB8E07 /* ReviewCell.swift in Sources */ = {isa = PBXBuildFile; fileRef = 2EC43E45234729EA00DB8E07 /* ReviewCell.swift */; };
		2EC43E4823475AE900DB8E07 /* SubCatCell.swift in Sources */ = {isa = PBXBuildFile; fileRef = 2EC43E4723475AE900DB8E07 /* SubCatCell.swift */; };
		2EC43E4A23476A4100DB8E07 /* HeaderCell.swift in Sources */ = {isa = PBXBuildFile; fileRef = 2EC43E4923476A4100DB8E07 /* HeaderCell.swift */; };
		2ECC2B27232B93B5004C9C19 /* FlashCell.swift in Sources */ = {isa = PBXBuildFile; fileRef = 2ECC2B26232B93B5004C9C19 /* FlashCell.swift */; };
		2ECC2B29232BADEB004C9C19 /* ListProductVC.swift in Sources */ = {isa = PBXBuildFile; fileRef = 2ECC2B28232BADEB004C9C19 /* ListProductVC.swift */; };
		2ECD7596233CCAC40047029C /* FilterSliderCell.swift in Sources */ = {isa = PBXBuildFile; fileRef = 2ECD7595233CCAC40047029C /* FilterSliderCell.swift */; };
		2ECD7598233CEB0B0047029C /* TrackingVC.swift in Sources */ = {isa = PBXBuildFile; fileRef = 2ECD7597233CEB0B0047029C /* TrackingVC.swift */; };
		2EEC64D3231E78A800055545 /* TxtRegular.ttf in Resources */ = {isa = PBXBuildFile; fileRef = 2EEC64CF231E78A800055545 /* TxtRegular.ttf */; };
		2EEC64D4231E78A800055545 /* TxtMedium.ttf in Resources */ = {isa = PBXBuildFile; fileRef = 2EEC64D0231E78A800055545 /* TxtMedium.ttf */; };
		2EEC64D5231E78A800055545 /* TxtBold.ttf in Resources */ = {isa = PBXBuildFile; fileRef = 2EEC64D1231E78A800055545 /* TxtBold.ttf */; };
		2EEC64D6231E78A800055545 /* TxtSemibold.ttf in Resources */ = {isa = PBXBuildFile; fileRef = 2EEC64D2231E78A800055545 /* TxtSemibold.ttf */; };
		2EEC64D8231E868900055545 /* CustomFont.swift in Sources */ = {isa = PBXBuildFile; fileRef = 2EEC64D7231E868900055545 /* CustomFont.swift */; };
		2EEC64DA231E98F900055545 /* CustomTextfiled.swift in Sources */ = {isa = PBXBuildFile; fileRef = 2EEC64D9231E98F900055545 /* CustomTextfiled.swift */; };
		2EEC64DF231E9C3B00055545 /* ForgotPassword.swift in Sources */ = {isa = PBXBuildFile; fileRef = 2EEC64DC231E9C3A00055545 /* ForgotPassword.swift */; };
		2EEC64E0231E9C3B00055545 /* RegisterVC.swift in Sources */ = {isa = PBXBuildFile; fileRef = 2EEC64DD231E9C3A00055545 /* RegisterVC.swift */; };
		2EEC64E1231E9C3B00055545 /* LoginVC.swift in Sources */ = {isa = PBXBuildFile; fileRef = 2EEC64DE231E9C3A00055545 /* LoginVC.swift */; };
		2EEC64E3231E9C5500055545 /* ResetPasswordVC.swift in Sources */ = {isa = PBXBuildFile; fileRef = 2EEC64E2231E9C5500055545 /* ResetPasswordVC.swift */; };
		2EF894D3232FA38300117187 /* ListTableCell.swift in Sources */ = {isa = PBXBuildFile; fileRef = 2EF894D2232FA38300117187 /* ListTableCell.swift */; };
		2EFEB8692334CD0B0031E0AE /* EditAddressCell.swift in Sources */ = {isa = PBXBuildFile; fileRef = 2EFEB8682334CD0B0031E0AE /* EditAddressCell.swift */; };
		2EFEB86B2334CF4C0031E0AE /* TotalOrderCell.swift in Sources */ = {isa = PBXBuildFile; fileRef = 2EFEB86A2334CF4C0031E0AE /* TotalOrderCell.swift */; };
		2EFEB86D2334D73F0031E0AE /* PaymentTypeCell.swift in Sources */ = {isa = PBXBuildFile; fileRef = 2EFEB86C2334D73F0031E0AE /* PaymentTypeCell.swift */; };
		2EFEB8702334F5880031E0AE /* AccountVC.swift in Sources */ = {isa = PBXBuildFile; fileRef = 2EFEB86F2334F5880031E0AE /* AccountVC.swift */; };
		2EFEB8722334F65F0031E0AE /* AccountCell.swift in Sources */ = {isa = PBXBuildFile; fileRef = 2EFEB8712334F65F0031E0AE /* AccountCell.swift */; };
		5331B63023DEFB0D00CE05EF /* ReviewVC.swift in Sources */ = {isa = PBXBuildFile; fileRef = 5331B62F23DEFB0C00CE05EF /* ReviewVC.swift */; };
		539D40E323C5DFD5006AA685 /* OfferVC.swift in Sources */ = {isa = PBXBuildFile; fileRef = 539D40E223C5DFD5006AA685 /* OfferVC.swift */; };
		91667AB156DC87B648B7A0A5 /* Pods_InitialWork.framework in Frameworks */ = {isa = PBXBuildFile; fileRef = D40F64353B3509F81F3CDA1C /* Pods_InitialWork.framework */; };
/* End PBXBuildFile section */

/* Begin PBXContainerItemProxy section */
		2E571C3D221BE63000CC7394 /* PBXContainerItemProxy */ = {
			isa = PBXContainerItemProxy;
			containerPortal = 2E571C20221BE62F00CC7394 /* Project object */;
			proxyType = 1;
			remoteGlobalIDString = 2E571C27221BE62F00CC7394;
			remoteInfo = InitialWork;
		};
		2E571C48221BE63000CC7394 /* PBXContainerItemProxy */ = {
			isa = PBXContainerItemProxy;
			containerPortal = 2E571C20221BE62F00CC7394 /* Project object */;
			proxyType = 1;
			remoteGlobalIDString = 2E571C27221BE62F00CC7394;
			remoteInfo = InitialWork;
		};
/* End PBXContainerItemProxy section */

/* Begin PBXFileReference section */
		2E0590F323460461009C78CF /* DescriptionCell.swift */ = {isa = PBXFileReference; lastKnownFileType = sourcecode.swift; path = DescriptionCell.swift; sourceTree = "<group>"; };
		2E089A7A2226A1730004FC07 /* hi */ = {isa = PBXFileReference; lastKnownFileType = text.plist.strings; name = hi; path = hi.lproj/LaunchScreen.strings; sourceTree = "<group>"; };
		2E089A7B2226A1730004FC07 /* hi */ = {isa = PBXFileReference; lastKnownFileType = text.plist.strings; name = hi; path = hi.lproj/Main.strings; sourceTree = "<group>"; };
		2E089A8A2226C9770004FC07 /* en */ = {isa = PBXFileReference; lastKnownFileType = text.plist.xml; name = en; path = en.lproj/Localizable.plist; sourceTree = "<group>"; };
		2E089A8B2226C9770004FC07 /* hi */ = {isa = PBXFileReference; lastKnownFileType = text.plist.xml; name = hi; path = hi.lproj/Localizable.plist; sourceTree = "<group>"; };
		2E0DA0422227C61500AA9B7C /* LanguageStrings.swift */ = {isa = PBXFileReference; lastKnownFileType = sourcecode.swift; path = LanguageStrings.swift; sourceTree = "<group>"; };
		2E0E75C12223FA9100DAD984 /* Reach.swift */ = {isa = PBXFileReference; fileEncoding = 4; lastKnownFileType = sourcecode.swift; path = Reach.swift; sourceTree = "<group>"; };
		2E0EE9F9227473050066009C /* UIView_Borders.swift */ = {isa = PBXFileReference; fileEncoding = 4; lastKnownFileType = sourcecode.swift; path = UIView_Borders.swift; sourceTree = "<group>"; };
		2E13E544234DBDD50036E2E4 /* OfferCell.swift */ = {isa = PBXFileReference; lastKnownFileType = sourcecode.swift; path = OfferCell.swift; sourceTree = "<group>"; };
		2E13E546234DE5BE0036E2E4 /* AddressBookVC.swift */ = {isa = PBXFileReference; lastKnownFileType = sourcecode.swift; path = AddressBookVC.swift; sourceTree = "<group>"; };
		2E13E548234DE9D20036E2E4 /* NotificationVC.swift */ = {isa = PBXFileReference; lastKnownFileType = sourcecode.swift; path = NotificationVC.swift; sourceTree = "<group>"; };
		2E13E54A234DEEFC0036E2E4 /* AddAddressVC.swift */ = {isa = PBXFileReference; lastKnownFileType = sourcecode.swift; path = AddAddressVC.swift; sourceTree = "<group>"; };
		2E13E54D234DFE510036E2E4 /* SettingVC.swift */ = {isa = PBXFileReference; lastKnownFileType = sourcecode.swift; path = SettingVC.swift; sourceTree = "<group>"; };
		2E13E54F234DFF740036E2E4 /* SettingCell.swift */ = {isa = PBXFileReference; lastKnownFileType = sourcecode.swift; path = SettingCell.swift; sourceTree = "<group>"; };
		2E13E558234F0A490036E2E4 /* ReturnView.xib */ = {isa = PBXFileReference; lastKnownFileType = file.xib; path = ReturnView.xib; sourceTree = "<group>"; };
		2E13E55C234F0BBB0036E2E4 /* ReturnView.swift */ = {isa = PBXFileReference; lastKnownFileType = sourcecode.swift; path = ReturnView.swift; sourceTree = "<group>"; };
		2E20AA96231FC7F800EFB53D /* HomeVC.swift */ = {isa = PBXFileReference; lastKnownFileType = sourcecode.swift; path = HomeVC.swift; sourceTree = "<group>"; };
		2E2CC2942326602500B7D044 /* HomeCell.swift */ = {isa = PBXFileReference; lastKnownFileType = sourcecode.swift; path = HomeCell.swift; sourceTree = "<group>"; };
		2E3A28032332509400D76E8F /* CartVC.swift */ = {isa = PBXFileReference; lastKnownFileType = sourcecode.swift; path = CartVC.swift; sourceTree = "<group>"; };
		2E571C28221BE62F00CC7394 /* InitialWork.app */ = {isa = PBXFileReference; explicitFileType = wrapper.application; includeInIndex = 0; path = InitialWork.app; sourceTree = BUILT_PRODUCTS_DIR; };
		2E571C3C221BE63000CC7394 /* InitialWorkTests.xctest */ = {isa = PBXFileReference; explicitFileType = wrapper.cfbundle; includeInIndex = 0; path = InitialWorkTests.xctest; sourceTree = BUILT_PRODUCTS_DIR; };
		2E571C40221BE63000CC7394 /* InitialWorkTests.swift */ = {isa = PBXFileReference; lastKnownFileType = sourcecode.swift; path = InitialWorkTests.swift; sourceTree = "<group>"; };
		2E571C42221BE63000CC7394 /* Info.plist */ = {isa = PBXFileReference; lastKnownFileType = text.plist.xml; path = Info.plist; sourceTree = "<group>"; };
		2E571C47221BE63000CC7394 /* InitialWorkUITests.xctest */ = {isa = PBXFileReference; explicitFileType = wrapper.cfbundle; includeInIndex = 0; path = InitialWorkUITests.xctest; sourceTree = BUILT_PRODUCTS_DIR; };
		2E571C4B221BE63000CC7394 /* InitialWorkUITests.swift */ = {isa = PBXFileReference; lastKnownFileType = sourcecode.swift; path = InitialWorkUITests.swift; sourceTree = "<group>"; };
		2E571C4D221BE63000CC7394 /* Info.plist */ = {isa = PBXFileReference; lastKnownFileType = text.plist.xml; path = Info.plist; sourceTree = "<group>"; };
		2E6FBE6423435E1D00055E2E /* ProductDetailVC.swift */ = {isa = PBXFileReference; lastKnownFileType = sourcecode.swift; path = ProductDetailVC.swift; sourceTree = "<group>"; };
		2E6FBE6823436E2900055E2E /* ProImageCell.swift */ = {isa = PBXFileReference; lastKnownFileType = sourcecode.swift; path = ProImageCell.swift; sourceTree = "<group>"; };
		2E6FBE6A2343705F00055E2E /* FirstDetailCell.swift */ = {isa = PBXFileReference; lastKnownFileType = sourcecode.swift; path = FirstDetailCell.swift; sourceTree = "<group>"; };
		2E6FBE6C234380F400055E2E /* StorageCell.swift */ = {isa = PBXFileReference; lastKnownFileType = sourcecode.swift; path = StorageCell.swift; sourceTree = "<group>"; };
		2E6FBE70234385CE00055E2E /* SecondCell.swift */ = {isa = PBXFileReference; lastKnownFileType = sourcecode.swift; path = SecondCell.swift; sourceTree = "<group>"; };
		2E7488952333906200EC8B1F /* ListAdressCell.swift */ = {isa = PBXFileReference; lastKnownFileType = sourcecode.swift; path = ListAdressCell.swift; sourceTree = "<group>"; };
		2E77CC3F2338CCFA00103610 /* SubCategoryVC.swift */ = {isa = PBXFileReference; lastKnownFileType = sourcecode.swift; path = SubCategoryVC.swift; sourceTree = "<group>"; };
		2E7FE21B22F2AA3900F36439 /* Okta.plist */ = {isa = PBXFileReference; lastKnownFileType = text.plist.xml; path = Okta.plist; sourceTree = "<group>"; };
		2E7FE21D22F2AC5300F36439 /* OktaAuth.framework */ = {isa = PBXFileReference; explicitFileType = wrapper.framework; path = OktaAuth.framework; sourceTree = BUILT_PRODUCTS_DIR; };
		2E86B08C2328D11600569EB9 /* MyTabContoller.swift */ = {isa = PBXFileReference; lastKnownFileType = sourcecode.swift; path = MyTabContoller.swift; sourceTree = "<group>"; };
		2E86B08E2329109E00569EB9 /* HProductListCell.swift */ = {isa = PBXFileReference; lastKnownFileType = sourcecode.swift; path = HProductListCell.swift; sourceTree = "<group>"; };
		2E9708922320DE4D0022D55B /* WalkThroughVC.swift */ = {isa = PBXFileReference; lastKnownFileType = sourcecode.swift; path = WalkThroughVC.swift; sourceTree = "<group>"; };
		2E9708942320DECC0022D55B /* CarouselCollectionViewCell.swift */ = {isa = PBXFileReference; fileEncoding = 4; lastKnownFileType = sourcecode.swift; path = CarouselCollectionViewCell.swift; sourceTree = "<group>"; };
		2E9708952320DECC0022D55B /* Character.swift */ = {isa = PBXFileReference; fileEncoding = 4; lastKnownFileType = sourcecode.swift; path = Character.swift; sourceTree = "<group>"; };
		2E9708982320DEF30022D55B /* GradientView.swift */ = {isa = PBXFileReference; fileEncoding = 4; lastKnownFileType = sourcecode.swift; path = GradientView.swift; sourceTree = "<group>"; };
		2E9CE01F233112A100565183 /* BrandsCell.swift */ = {isa = PBXFileReference; lastKnownFileType = sourcecode.swift; path = BrandsCell.swift; sourceTree = "<group>"; };
		2EA186CF231F91B300871AE3 /* OTPvc.swift */ = {isa = PBXFileReference; lastKnownFileType = sourcecode.swift; path = OTPvc.swift; sourceTree = "<group>"; };
		2EA186D1231F948C00871AE3 /* JAPinView.framework */ = {isa = PBXFileReference; explicitFileType = wrapper.framework; path = JAPinView.framework; sourceTree = BUILT_PRODUCTS_DIR; };
		2EA8F216231D2CE800D99D6D /* Utils.swift */ = {isa = PBXFileReference; fileEncoding = 4; lastKnownFileType = sourcecode.swift; path = Utils.swift; sourceTree = "<group>"; };
		2EAAA62E221C219D00AE9B4D /* ParentViewController.swift */ = {isa = PBXFileReference; fileEncoding = 4; lastKnownFileType = sourcecode.swift; path = ParentViewController.swift; sourceTree = "<group>"; };
		2EAC79742223F00B00BAA8F6 /* Network.framework */ = {isa = PBXFileReference; lastKnownFileType = wrapper.framework; name = Network.framework; path = System/Library/Frameworks/Network.framework; sourceTree = SDKROOT; };
		2EAF20F9232A714D0045DF8B /* CategoryCell.swift */ = {isa = PBXFileReference; lastKnownFileType = sourcecode.swift; path = CategoryCell.swift; sourceTree = "<group>"; };
		2EB034AA233A2A2F004A308F /* MyOrderCell.swift */ = {isa = PBXFileReference; lastKnownFileType = sourcecode.swift; path = MyOrderCell.swift; sourceTree = "<group>"; };
		2EB034AC233A2A70004A308F /* MyOrderVC.swift */ = {isa = PBXFileReference; lastKnownFileType = sourcecode.swift; path = MyOrderVC.swift; sourceTree = "<group>"; };
		2EB07D0B221BEBC200242F2D /* Assets.xcassets */ = {isa = PBXFileReference; lastKnownFileType = folder.assetcatalog; path = Assets.xcassets; sourceTree = "<group>"; };
		2EB07D0D221BEBC200242F2D /* Base */ = {isa = PBXFileReference; lastKnownFileType = file.storyboard; name = Base; path = Base.lproj/LaunchScreen.storyboard; sourceTree = "<group>"; };
		2EB07D0F221BEBC200242F2D /* Base */ = {isa = PBXFileReference; lastKnownFileType = file.storyboard; name = Base; path = Base.lproj/Main.storyboard; sourceTree = "<group>"; };
		2EB07D11221BEBC200242F2D /* AppDelegate.swift */ = {isa = PBXFileReference; fileEncoding = 4; lastKnownFileType = sourcecode.swift; path = AppDelegate.swift; sourceTree = "<group>"; };
		2EB07D1E221BEC6D00242F2D /* AlertManager.swift */ = {isa = PBXFileReference; fileEncoding = 4; lastKnownFileType = sourcecode.swift; path = AlertManager.swift; sourceTree = "<group>"; };
		2EB07D20221BEC6D00242F2D /* Hud.swift */ = {isa = PBXFileReference; fileEncoding = 4; lastKnownFileType = sourcecode.swift; path = Hud.swift; sourceTree = "<group>"; };
		2EB07D25221BEC6D00242F2D /* Strings.swift */ = {isa = PBXFileReference; fileEncoding = 4; lastKnownFileType = sourcecode.swift; path = Strings.swift; sourceTree = "<group>"; };
		2EB07D26221BEC6D00242F2D /* Consts.swift */ = {isa = PBXFileReference; fileEncoding = 4; lastKnownFileType = sourcecode.swift; path = Consts.swift; sourceTree = "<group>"; };
		2EB07D27221BEC6D00242F2D /* Enums.swift */ = {isa = PBXFileReference; fileEncoding = 4; lastKnownFileType = sourcecode.swift; path = Enums.swift; sourceTree = "<group>"; };
		2EB07D28221BEC6D00242F2D /* RoundedView.swift */ = {isa = PBXFileReference; fileEncoding = 4; lastKnownFileType = sourcecode.swift; path = RoundedView.swift; sourceTree = "<group>"; };
		2EB07D29221BEC6D00242F2D /* UserData.swift */ = {isa = PBXFileReference; fileEncoding = 4; lastKnownFileType = sourcecode.swift; path = UserData.swift; sourceTree = "<group>"; };
		2EB07D2A221BEC6D00242F2D /* Extensions.swift */ = {isa = PBXFileReference; fileEncoding = 4; lastKnownFileType = sourcecode.swift; path = Extensions.swift; sourceTree = "<group>"; };
		2EB07D2B221BEC6D00242F2D /* Validation.swift */ = {isa = PBXFileReference; fileEncoding = 4; lastKnownFileType = sourcecode.swift; path = Validation.swift; sourceTree = "<group>"; };
		2EB07D2E221BEC6D00242F2D /* GasStation.swift */ = {isa = PBXFileReference; fileEncoding = 4; lastKnownFileType = sourcecode.swift; path = GasStation.swift; sourceTree = "<group>"; };
		2EB07D2F221BEC6D00242F2D /* ApiManager.swift */ = {isa = PBXFileReference; fileEncoding = 4; lastKnownFileType = sourcecode.swift; path = ApiManager.swift; sourceTree = "<group>"; };
		2EB07D30221BEC6D00242F2D /* ApiCommunicator.swift */ = {isa = PBXFileReference; fileEncoding = 4; lastKnownFileType = sourcecode.swift; path = ApiCommunicator.swift; sourceTree = "<group>"; };
		2EB07D32221BEC6D00242F2D /* Gasstation.swift */ = {isa = PBXFileReference; fileEncoding = 4; lastKnownFileType = sourcecode.swift; path = Gasstation.swift; sourceTree = "<group>"; };
		2EB07D41221C15BF00242F2D /* Info.plist */ = {isa = PBXFileReference; fileEncoding = 4; lastKnownFileType = text.plist.xml; name = Info.plist; path = InitialWork/Info.plist; sourceTree = SOURCE_ROOT; };
		2EBE25EE2354871C00E07B26 /* FeedBackVC.swift */ = {isa = PBXFileReference; lastKnownFileType = sourcecode.swift; path = FeedBackVC.swift; sourceTree = "<group>"; };
		2EBE25F02354876F00E07B26 /* EmojiCell.swift */ = {isa = PBXFileReference; lastKnownFileType = sourcecode.swift; path = EmojiCell.swift; sourceTree = "<group>"; };
		2EC1B4AC233B69A200708B51 /* OrderDetailVC.swift */ = {isa = PBXFileReference; lastKnownFileType = sourcecode.swift; path = OrderDetailVC.swift; sourceTree = "<group>"; };
		2EC1B4AE233B6C6700708B51 /* ProductDetailCell.swift */ = {isa = PBXFileReference; lastKnownFileType = sourcecode.swift; path = ProductDetailCell.swift; sourceTree = "<group>"; };
		2EC1B4B0233B8A5C00708B51 /* FilterVC.swift */ = {isa = PBXFileReference; lastKnownFileType = sourcecode.swift; path = FilterVC.swift; sourceTree = "<group>"; };
		2EC2766A2220327600148E71 /* InitialWork.entitlements */ = {isa = PBXFileReference; lastKnownFileType = text.plist.entitlements; path = InitialWork.entitlements; sourceTree = "<group>"; };
		2EC43E45234729EA00DB8E07 /* ReviewCell.swift */ = {isa = PBXFileReference; lastKnownFileType = sourcecode.swift; path = ReviewCell.swift; sourceTree = "<group>"; };
		2EC43E4723475AE900DB8E07 /* SubCatCell.swift */ = {isa = PBXFileReference; lastKnownFileType = sourcecode.swift; path = SubCatCell.swift; sourceTree = "<group>"; };
		2EC43E4923476A4100DB8E07 /* HeaderCell.swift */ = {isa = PBXFileReference; lastKnownFileType = sourcecode.swift; path = HeaderCell.swift; sourceTree = "<group>"; };
		2ECC2B26232B93B5004C9C19 /* FlashCell.swift */ = {isa = PBXFileReference; lastKnownFileType = sourcecode.swift; path = FlashCell.swift; sourceTree = "<group>"; };
		2ECC2B28232BADEB004C9C19 /* ListProductVC.swift */ = {isa = PBXFileReference; lastKnownFileType = sourcecode.swift; path = ListProductVC.swift; sourceTree = "<group>"; };
		2ECD7595233CCAC40047029C /* FilterSliderCell.swift */ = {isa = PBXFileReference; lastKnownFileType = sourcecode.swift; path = FilterSliderCell.swift; sourceTree = "<group>"; };
		2ECD7597233CEB0B0047029C /* TrackingVC.swift */ = {isa = PBXFileReference; lastKnownFileType = sourcecode.swift; path = TrackingVC.swift; sourceTree = "<group>"; };
		2EEC64CF231E78A800055545 /* TxtRegular.ttf */ = {isa = PBXFileReference; lastKnownFileType = file; path = TxtRegular.ttf; sourceTree = "<group>"; };
		2EEC64D0231E78A800055545 /* TxtMedium.ttf */ = {isa = PBXFileReference; lastKnownFileType = file; path = TxtMedium.ttf; sourceTree = "<group>"; };
		2EEC64D1231E78A800055545 /* TxtBold.ttf */ = {isa = PBXFileReference; lastKnownFileType = file; path = TxtBold.ttf; sourceTree = "<group>"; };
		2EEC64D2231E78A800055545 /* TxtSemibold.ttf */ = {isa = PBXFileReference; lastKnownFileType = file; path = TxtSemibold.ttf; sourceTree = "<group>"; };
		2EEC64D7231E868900055545 /* CustomFont.swift */ = {isa = PBXFileReference; lastKnownFileType = sourcecode.swift; path = CustomFont.swift; sourceTree = "<group>"; };
		2EEC64D9231E98F900055545 /* CustomTextfiled.swift */ = {isa = PBXFileReference; lastKnownFileType = sourcecode.swift; path = CustomTextfiled.swift; sourceTree = "<group>"; };
		2EEC64DC231E9C3A00055545 /* ForgotPassword.swift */ = {isa = PBXFileReference; fileEncoding = 4; lastKnownFileType = sourcecode.swift; path = ForgotPassword.swift; sourceTree = "<group>"; };
		2EEC64DD231E9C3A00055545 /* RegisterVC.swift */ = {isa = PBXFileReference; fileEncoding = 4; lastKnownFileType = sourcecode.swift; path = RegisterVC.swift; sourceTree = "<group>"; };
		2EEC64DE231E9C3A00055545 /* LoginVC.swift */ = {isa = PBXFileReference; fileEncoding = 4; lastKnownFileType = sourcecode.swift; path = LoginVC.swift; sourceTree = "<group>"; };
		2EEC64E2231E9C5500055545 /* ResetPasswordVC.swift */ = {isa = PBXFileReference; lastKnownFileType = sourcecode.swift; path = ResetPasswordVC.swift; sourceTree = "<group>"; };
		2EF894D2232FA38300117187 /* ListTableCell.swift */ = {isa = PBXFileReference; lastKnownFileType = sourcecode.swift; path = ListTableCell.swift; sourceTree = "<group>"; };
		2EFEB8682334CD0B0031E0AE /* EditAddressCell.swift */ = {isa = PBXFileReference; lastKnownFileType = sourcecode.swift; path = EditAddressCell.swift; sourceTree = "<group>"; };
		2EFEB86A2334CF4C0031E0AE /* TotalOrderCell.swift */ = {isa = PBXFileReference; lastKnownFileType = sourcecode.swift; path = TotalOrderCell.swift; sourceTree = "<group>"; };
		2EFEB86C2334D73F0031E0AE /* PaymentTypeCell.swift */ = {isa = PBXFileReference; lastKnownFileType = sourcecode.swift; path = PaymentTypeCell.swift; sourceTree = "<group>"; };
		2EFEB86F2334F5880031E0AE /* AccountVC.swift */ = {isa = PBXFileReference; lastKnownFileType = sourcecode.swift; path = AccountVC.swift; sourceTree = "<group>"; };
		2EFEB8712334F65F0031E0AE /* AccountCell.swift */ = {isa = PBXFileReference; lastKnownFileType = sourcecode.swift; path = AccountCell.swift; sourceTree = "<group>"; };
		5331B62F23DEFB0C00CE05EF /* ReviewVC.swift */ = {isa = PBXFileReference; fileEncoding = 4; lastKnownFileType = sourcecode.swift; path = ReviewVC.swift; sourceTree = "<group>"; };
		539D40E223C5DFD5006AA685 /* OfferVC.swift */ = {isa = PBXFileReference; fileEncoding = 4; lastKnownFileType = sourcecode.swift; path = OfferVC.swift; sourceTree = "<group>"; };
		B62D4C2C63A3B8A25F781AB7 /* Pods-InitialWork.debug.xcconfig */ = {isa = PBXFileReference; includeInIndex = 1; lastKnownFileType = text.xcconfig; name = "Pods-InitialWork.debug.xcconfig"; path = "Pods/Target Support Files/Pods-InitialWork/Pods-InitialWork.debug.xcconfig"; sourceTree = "<group>"; };
		B7FA7A177697FE46A313AB33 /* Pods-InitialWork.release.xcconfig */ = {isa = PBXFileReference; includeInIndex = 1; lastKnownFileType = text.xcconfig; name = "Pods-InitialWork.release.xcconfig"; path = "Pods/Target Support Files/Pods-InitialWork/Pods-InitialWork.release.xcconfig"; sourceTree = "<group>"; };
		D40F64353B3509F81F3CDA1C /* Pods_InitialWork.framework */ = {isa = PBXFileReference; explicitFileType = wrapper.framework; includeInIndex = 0; path = Pods_InitialWork.framework; sourceTree = BUILT_PRODUCTS_DIR; };
/* End PBXFileReference section */

/* Begin PBXFrameworksBuildPhase section */
		2E571C25221BE62F00CC7394 /* Frameworks */ = {
			isa = PBXFrameworksBuildPhase;
			buildActionMask = 2147483647;
			files = (
				2EA186D2231F948C00871AE3 /* JAPinView.framework in Frameworks */,
				2EAC79752223F00B00BAA8F6 /* Network.framework in Frameworks */,
				91667AB156DC87B648B7A0A5 /* Pods_InitialWork.framework in Frameworks */,
			);
			runOnlyForDeploymentPostprocessing = 0;
		};
		2E571C39221BE63000CC7394 /* Frameworks */ = {
			isa = PBXFrameworksBuildPhase;
			buildActionMask = 2147483647;
			files = (
			);
			runOnlyForDeploymentPostprocessing = 0;
		};
		2E571C44221BE63000CC7394 /* Frameworks */ = {
			isa = PBXFrameworksBuildPhase;
			buildActionMask = 2147483647;
			files = (
			);
			runOnlyForDeploymentPostprocessing = 0;
		};
/* End PBXFrameworksBuildPhase section */

/* Begin PBXGroup section */
		2E089A882226C9770004FC07 /* Languages */ = {
			isa = PBXGroup;
			children = (
				2E089A892226C9770004FC07 /* Localizable.plist */,
			);
			path = Languages;
			sourceTree = "<group>";
		};
		2E0E75C02223FA6E00DAD984 /* Reach */ = {
			isa = PBXGroup;
			children = (
				2E0E75C12223FA9100DAD984 /* Reach.swift */,
			);
			path = Reach;
			sourceTree = "<group>";
		};
		2E13E551234F09C30036E2E4 /* CustomeView */ = {
			isa = PBXGroup;
			children = (
				2E13E558234F0A490036E2E4 /* ReturnView.xib */,
				2E13E55C234F0BBB0036E2E4 /* ReturnView.swift */,
			);
			path = CustomeView;
			sourceTree = "<group>";
		};
		2E2CC28F23265FD500B7D044 /* Home */ = {
			isa = PBXGroup;
			children = (
				2E20AA96231FC7F800EFB53D /* HomeVC.swift */,
				2ECC2B28232BADEB004C9C19 /* ListProductVC.swift */,
				2E77CC3F2338CCFA00103610 /* SubCategoryVC.swift */,
				2EC1B4B0233B8A5C00708B51 /* FilterVC.swift */,
				2E6FBE6423435E1D00055E2E /* ProductDetailVC.swift */,
			);
			path = Home;
			sourceTree = "<group>";
		};
		2E2CC29223265FFA00B7D044 /* TableviewCell */ = {
			isa = PBXGroup;
			children = (
				2EF894D2232FA38300117187 /* ListTableCell.swift */,
				2E7488952333906200EC8B1F /* ListAdressCell.swift */,
				2EFEB8682334CD0B0031E0AE /* EditAddressCell.swift */,
				2EFEB86A2334CF4C0031E0AE /* TotalOrderCell.swift */,
				2EFEB86C2334D73F0031E0AE /* PaymentTypeCell.swift */,
				2EFEB8712334F65F0031E0AE /* AccountCell.swift */,
				2EB034AA233A2A2F004A308F /* MyOrderCell.swift */,
				2EC1B4AE233B6C6700708B51 /* ProductDetailCell.swift */,
				2E6FBE6A2343705F00055E2E /* FirstDetailCell.swift */,
				2E6FBE70234385CE00055E2E /* SecondCell.swift */,
				2EC43E4723475AE900DB8E07 /* SubCatCell.swift */,
				2EC43E4923476A4100DB8E07 /* HeaderCell.swift */,
				2E0590F323460461009C78CF /* DescriptionCell.swift */,
				2EC43E45234729EA00DB8E07 /* ReviewCell.swift */,
				2E13E544234DBDD50036E2E4 /* OfferCell.swift */,
				2E13E54F234DFF740036E2E4 /* SettingCell.swift */,
				2EBE25F02354876F00E07B26 /* EmojiCell.swift */,
			);
			path = TableviewCell;
			sourceTree = "<group>";
		};
		2E2CC2932326600300B7D044 /* CollectionCell */ = {
			isa = PBXGroup;
			children = (
				2E86B08E2329109E00569EB9 /* HProductListCell.swift */,
				2EAF20F9232A714D0045DF8B /* CategoryCell.swift */,
				2E2CC2942326602500B7D044 /* HomeCell.swift */,
				2E6FBE6823436E2900055E2E /* ProImageCell.swift */,
				2ECC2B26232B93B5004C9C19 /* FlashCell.swift */,
				2E9CE01F233112A100565183 /* BrandsCell.swift */,
				2ECD7595233CCAC40047029C /* FilterSliderCell.swift */,
				2E6FBE6C234380F400055E2E /* StorageCell.swift */,
			);
			path = CollectionCell;
			sourceTree = "<group>";
		};
		2E3A28022332507900D76E8F /* Cart */ = {
			isa = PBXGroup;
			children = (
				2E3A28032332509400D76E8F /* CartVC.swift */,
			);
			path = Cart;
			sourceTree = "<group>";
		};
		2E571C1F221BE62F00CC7394 = {
			isa = PBXGroup;
			children = (
				2EB07D09221BEBC200242F2D /* InitialWork */,
				2E571C3F221BE63000CC7394 /* InitialWorkTests */,
				2EB07D0A221BEBC200242F2D /* View */,
				2E571C4A221BE63000CC7394 /* InitialWorkUITests */,
				2E571C29221BE62F00CC7394 /* Products */,
				E45939A1D330794529187073 /* Pods */,
				CFBEF343FFFA573729275283 /* Frameworks */,
			);
			sourceTree = "<group>";
		};
		2E571C29221BE62F00CC7394 /* Products */ = {
			isa = PBXGroup;
			children = (
				2E571C28221BE62F00CC7394 /* InitialWork.app */,
				2E571C3C221BE63000CC7394 /* InitialWorkTests.xctest */,
				2E571C47221BE63000CC7394 /* InitialWorkUITests.xctest */,
			);
			name = Products;
			sourceTree = "<group>";
		};
		2E571C3F221BE63000CC7394 /* InitialWorkTests */ = {
			isa = PBXGroup;
			children = (
				2E571C40221BE63000CC7394 /* InitialWorkTests.swift */,
				2E571C42221BE63000CC7394 /* Info.plist */,
			);
			path = InitialWorkTests;
			sourceTree = "<group>";
		};
		2E571C4A221BE63000CC7394 /* InitialWorkUITests */ = {
			isa = PBXGroup;
			children = (
				2E571C4B221BE63000CC7394 /* InitialWorkUITests.swift */,
				2E571C4D221BE63000CC7394 /* Info.plist */,
			);
			path = InitialWorkUITests;
			sourceTree = "<group>";
		};
		2E9708912320DC890022D55B /* WalkThrough */ = {
			isa = PBXGroup;
			children = (
				2E9708942320DECC0022D55B /* CarouselCollectionViewCell.swift */,
				2E9708982320DEF30022D55B /* GradientView.swift */,
				2E9708952320DECC0022D55B /* Character.swift */,
				2E9708922320DE4D0022D55B /* WalkThroughVC.swift */,
			);
			path = WalkThrough;
			sourceTree = "<group>";
		};
		2EB07D09221BEBC200242F2D /* InitialWork */ = {
			isa = PBXGroup;
			children = (
				2EC2766A2220327600148E71 /* InitialWork.entitlements */,
				2EB07D1B221BEC6D00242F2D /* Classes */,
				2E089A882226C9770004FC07 /* Languages */,
				2EEC64C4231E301D00055545 /* Resources */,
				2E7FE21B22F2AA3900F36439 /* Okta.plist */,
				2EB07D41221C15BF00242F2D /* Info.plist */,
			);
			path = InitialWork;
			sourceTree = "<group>";
		};
		2EB07D0A221BEBC200242F2D /* View */ = {
			isa = PBXGroup;
			children = (
				2EB07D0B221BEBC200242F2D /* Assets.xcassets */,
				2EB07D0C221BEBC200242F2D /* LaunchScreen.storyboard */,
				2EB07D0E221BEBC200242F2D /* Main.storyboard */,
			);
			path = View;
			sourceTree = "<group>";
		};
		2EB07D10221BEBC200242F2D /* AppDelegate */ = {
			isa = PBXGroup;
			children = (
				2EB07D11221BEBC200242F2D /* AppDelegate.swift */,
			);
			path = AppDelegate;
			sourceTree = "<group>";
		};
		2EB07D1B221BEC6D00242F2D /* Classes */ = {
			isa = PBXGroup;
			children = (
				2EB07D10221BEBC200242F2D /* AppDelegate */,
				2EB07D23221BEC6D00242F2D /* Cell */,
				2EB07D21221BEC6D00242F2D /* Controller */,
				2EB07D2C221BEC6D00242F2D /* Services */,
				2EB07D24221BEC6D00242F2D /* Helpers */,
				2EB07D1C221BEC6D00242F2D /* Utils */,
			);
			name = Classes;
			path = InitialWork/Classes;
			sourceTree = SOURCE_ROOT;
		};
		2EB07D1C221BEC6D00242F2D /* Utils */ = {
			isa = PBXGroup;
			children = (
				2E0E75C02223FA6E00DAD984 /* Reach */,
				2EB07D1D221BEC6D00242F2D /* AlertManager */,
				2EB07D1F221BEC6D00242F2D /* HUD */,
			);
			path = Utils;
			sourceTree = "<group>";
		};
		2EB07D1D221BEC6D00242F2D /* AlertManager */ = {
			isa = PBXGroup;
			children = (
				2EB07D1E221BEC6D00242F2D /* AlertManager.swift */,
			);
			path = AlertManager;
			sourceTree = "<group>";
		};
		2EB07D1F221BEC6D00242F2D /* HUD */ = {
			isa = PBXGroup;
			children = (
				2EB07D20221BEC6D00242F2D /* Hud.swift */,
			);
			path = HUD;
			sourceTree = "<group>";
		};
		2EB07D21221BEC6D00242F2D /* Controller */ = {
			isa = PBXGroup;
			children = (
				2E13E551234F09C30036E2E4 /* CustomeView */,
				2E9708912320DC890022D55B /* WalkThrough */,
				2E2CC28F23265FD500B7D044 /* Home */,
				2EFEB86E2334F55A0031E0AE /* Account */,
				2E3A28022332507900D76E8F /* Cart */,
				2EEC64DB231E9C3A00055545 /* Login and Register */,
				2EAAA62E221C219D00AE9B4D /* ParentViewController.swift */,
				2E86B08C2328D11600569EB9 /* MyTabContoller.swift */,
			);
			path = Controller;
			sourceTree = "<group>";
		};
		2EB07D23221BEC6D00242F2D /* Cell */ = {
			isa = PBXGroup;
			children = (
				2E2CC2932326600300B7D044 /* CollectionCell */,
				2E2CC29223265FFA00B7D044 /* TableviewCell */,
			);
			path = Cell;
			sourceTree = "<group>";
		};
		2EB07D24221BEC6D00242F2D /* Helpers */ = {
			isa = PBXGroup;
			children = (
				2E0EE9F9227473050066009C /* UIView_Borders.swift */,
				2EB07D25221BEC6D00242F2D /* Strings.swift */,
				2E0DA0422227C61500AA9B7C /* LanguageStrings.swift */,
				2EB07D26221BEC6D00242F2D /* Consts.swift */,
				2EB07D27221BEC6D00242F2D /* Enums.swift */,
				2EB07D28221BEC6D00242F2D /* RoundedView.swift */,
				2EEC64D9231E98F900055545 /* CustomTextfiled.swift */,
				2EEC64D7231E868900055545 /* CustomFont.swift */,
				2EB07D29221BEC6D00242F2D /* UserData.swift */,
				2EB07D2A221BEC6D00242F2D /* Extensions.swift */,
				2EA8F216231D2CE800D99D6D /* Utils.swift */,
				2EB07D2B221BEC6D00242F2D /* Validation.swift */,
			);
			path = Helpers;
			sourceTree = "<group>";
		};
		2EB07D2C221BEC6D00242F2D /* Services */ = {
			isa = PBXGroup;
			children = (
				2EB07D2D221BEC6D00242F2D /* GasStation */,
				2EB07D2F221BEC6D00242F2D /* ApiManager.swift */,
				2EB07D30221BEC6D00242F2D /* ApiCommunicator.swift */,
				2EB07D31221BEC6D00242F2D /* Model */,
			);
			path = Services;
			sourceTree = "<group>";
		};
		2EB07D2D221BEC6D00242F2D /* GasStation */ = {
			isa = PBXGroup;
			children = (
				2EB07D2E221BEC6D00242F2D /* GasStation.swift */,
			);
			path = GasStation;
			sourceTree = "<group>";
		};
		2EB07D31221BEC6D00242F2D /* Model */ = {
			isa = PBXGroup;
			children = (
				2EB07D32221BEC6D00242F2D /* Gasstation.swift */,
			);
			path = Model;
			sourceTree = "<group>";
		};
		2EEC64C4231E301D00055545 /* Resources */ = {
			isa = PBXGroup;
			children = (
				2EEC64CE231E789400055545 /* Font */,
			);
			path = Resources;
			sourceTree = "<group>";
		};
		2EEC64CE231E789400055545 /* Font */ = {
			isa = PBXGroup;
			children = (
				2EEC64D1231E78A800055545 /* TxtBold.ttf */,
				2EEC64D0231E78A800055545 /* TxtMedium.ttf */,
				2EEC64CF231E78A800055545 /* TxtRegular.ttf */,
				2EEC64D2231E78A800055545 /* TxtSemibold.ttf */,
			);
			path = Font;
			sourceTree = "<group>";
		};
		2EEC64DB231E9C3A00055545 /* Login and Register */ = {
			isa = PBXGroup;
			children = (
				2EEC64DC231E9C3A00055545 /* ForgotPassword.swift */,
				2EEC64DD231E9C3A00055545 /* RegisterVC.swift */,
				2EEC64DE231E9C3A00055545 /* LoginVC.swift */,
				2EA186CF231F91B300871AE3 /* OTPvc.swift */,
				2EEC64E2231E9C5500055545 /* ResetPasswordVC.swift */,
			);
			path = "Login and Register";
			sourceTree = "<group>";
		};
		2EFEB86E2334F55A0031E0AE /* Account */ = {
			isa = PBXGroup;
			children = (
				2EFEB86F2334F5880031E0AE /* AccountVC.swift */,
				2EB034AC233A2A70004A308F /* MyOrderVC.swift */,
				2EC1B4AC233B69A200708B51 /* OrderDetailVC.swift */,
				539D40E223C5DFD5006AA685 /* OfferVC.swift */,
				5331B62F23DEFB0C00CE05EF /* ReviewVC.swift */,
				2E13E546234DE5BE0036E2E4 /* AddressBookVC.swift */,
				2E13E548234DE9D20036E2E4 /* NotificationVC.swift */,
				2E13E54D234DFE510036E2E4 /* SettingVC.swift */,
				2E13E54A234DEEFC0036E2E4 /* AddAddressVC.swift */,
				2EBE25EE2354871C00E07B26 /* FeedBackVC.swift */,
				2ECD7597233CEB0B0047029C /* TrackingVC.swift */,
			);
			path = Account;
			sourceTree = "<group>";
		};
		CFBEF343FFFA573729275283 /* Frameworks */ = {
			isa = PBXGroup;
			children = (
				2EA186D1231F948C00871AE3 /* JAPinView.framework */,
				2E7FE21D22F2AC5300F36439 /* OktaAuth.framework */,
				2EAC79742223F00B00BAA8F6 /* Network.framework */,
				D40F64353B3509F81F3CDA1C /* Pods_InitialWork.framework */,
			);
			name = Frameworks;
			sourceTree = "<group>";
		};
		E45939A1D330794529187073 /* Pods */ = {
			isa = PBXGroup;
			children = (
				B62D4C2C63A3B8A25F781AB7 /* Pods-InitialWork.debug.xcconfig */,
				B7FA7A177697FE46A313AB33 /* Pods-InitialWork.release.xcconfig */,
			);
			name = Pods;
			sourceTree = "<group>";
		};
/* End PBXGroup section */

/* Begin PBXNativeTarget section */
		2E571C27221BE62F00CC7394 /* InitialWork */ = {
			isa = PBXNativeTarget;
			buildConfigurationList = 2E571C50221BE63000CC7394 /* Build configuration list for PBXNativeTarget "InitialWork" */;
			buildPhases = (
				865307F5E5090006F3224E96 /* [CP] Check Pods Manifest.lock */,
				2E571C24221BE62F00CC7394 /* Sources */,
				2E571C25221BE62F00CC7394 /* Frameworks */,
				2E571C26221BE62F00CC7394 /* Resources */,
				28E17C55A63B0A87CD64B2E2 /* [CP] Embed Pods Frameworks */,
			);
			buildRules = (
			);
			dependencies = (
			);
			name = InitialWork;
			productName = InitialWork;
			productReference = 2E571C28221BE62F00CC7394 /* InitialWork.app */;
			productType = "com.apple.product-type.application";
		};
		2E571C3B221BE63000CC7394 /* InitialWorkTests */ = {
			isa = PBXNativeTarget;
			buildConfigurationList = 2E571C53221BE63000CC7394 /* Build configuration list for PBXNativeTarget "InitialWorkTests" */;
			buildPhases = (
				2E571C38221BE63000CC7394 /* Sources */,
				2E571C39221BE63000CC7394 /* Frameworks */,
				2E571C3A221BE63000CC7394 /* Resources */,
			);
			buildRules = (
			);
			dependencies = (
				2E571C3E221BE63000CC7394 /* PBXTargetDependency */,
			);
			name = InitialWorkTests;
			productName = InitialWorkTests;
			productReference = 2E571C3C221BE63000CC7394 /* InitialWorkTests.xctest */;
			productType = "com.apple.product-type.bundle.unit-test";
		};
		2E571C46221BE63000CC7394 /* InitialWorkUITests */ = {
			isa = PBXNativeTarget;
			buildConfigurationList = 2E571C56221BE63000CC7394 /* Build configuration list for PBXNativeTarget "InitialWorkUITests" */;
			buildPhases = (
				2E571C43221BE63000CC7394 /* Sources */,
				2E571C44221BE63000CC7394 /* Frameworks */,
				2E571C45221BE63000CC7394 /* Resources */,
			);
			buildRules = (
			);
			dependencies = (
				2E571C49221BE63000CC7394 /* PBXTargetDependency */,
			);
			name = InitialWorkUITests;
			productName = InitialWorkUITests;
			productReference = 2E571C47221BE63000CC7394 /* InitialWorkUITests.xctest */;
			productType = "com.apple.product-type.bundle.ui-testing";
		};
/* End PBXNativeTarget section */

/* Begin PBXProject section */
		2E571C20221BE62F00CC7394 /* Project object */ = {
			isa = PBXProject;
			attributes = {
				LastSwiftUpdateCheck = 1010;
				LastUpgradeCheck = 1010;
				ORGANIZATIONNAME = Gunjan;
				TargetAttributes = {
					2E571C27221BE62F00CC7394 = {
						CreatedOnToolsVersion = 10.1;
						SystemCapabilities = {
							com.apple.AutoFillCredentialProvider = {
								enabled = 0;
							};
							com.apple.iCloud = {
								enabled = 0;
							};
						};
					};
					2E571C3B221BE63000CC7394 = {
						CreatedOnToolsVersion = 10.1;
						TestTargetID = 2E571C27221BE62F00CC7394;
					};
					2E571C46221BE63000CC7394 = {
						CreatedOnToolsVersion = 10.1;
						TestTargetID = 2E571C27221BE62F00CC7394;
					};
				};
			};
			buildConfigurationList = 2E571C23221BE62F00CC7394 /* Build configuration list for PBXProject "InitialWork" */;
			compatibilityVersion = "Xcode 9.3";
			developmentRegion = en;
			hasScannedForEncodings = 0;
			knownRegions = (
				en,
				Base,
				hi,
			);
			mainGroup = 2E571C1F221BE62F00CC7394;
			productRefGroup = 2E571C29221BE62F00CC7394 /* Products */;
			projectDirPath = "";
			projectRoot = "";
			targets = (
				2E571C27221BE62F00CC7394 /* InitialWork */,
				2E571C3B221BE63000CC7394 /* InitialWorkTests */,
				2E571C46221BE63000CC7394 /* InitialWorkUITests */,
			);
		};
/* End PBXProject section */

/* Begin PBXResourcesBuildPhase section */
		2E571C26221BE62F00CC7394 /* Resources */ = {
			isa = PBXResourcesBuildPhase;
			buildActionMask = 2147483647;
			files = (
				2EEC64D5231E78A800055545 /* TxtBold.ttf in Resources */,
				2EEC64D4231E78A800055545 /* TxtMedium.ttf in Resources */,
				2EB07D17221BEBC200242F2D /* Main.storyboard in Resources */,
				2E7FE21C22F2AA3900F36439 /* Okta.plist in Resources */,
				2EEC64D6231E78A800055545 /* TxtSemibold.ttf in Resources */,
				2EEC64D3231E78A800055545 /* TxtRegular.ttf in Resources */,
				2E13E559234F0A490036E2E4 /* ReturnView.xib in Resources */,
				2E089A8C2226C9780004FC07 /* Localizable.plist in Resources */,
				2EB07D15221BEBC200242F2D /* Assets.xcassets in Resources */,
				2EB07D16221BEBC200242F2D /* LaunchScreen.storyboard in Resources */,
			);
			runOnlyForDeploymentPostprocessing = 0;
		};
		2E571C3A221BE63000CC7394 /* Resources */ = {
			isa = PBXResourcesBuildPhase;
			buildActionMask = 2147483647;
			files = (
			);
			runOnlyForDeploymentPostprocessing = 0;
		};
		2E571C45221BE63000CC7394 /* Resources */ = {
			isa = PBXResourcesBuildPhase;
			buildActionMask = 2147483647;
			files = (
			);
			runOnlyForDeploymentPostprocessing = 0;
		};
/* End PBXResourcesBuildPhase section */

/* Begin PBXShellScriptBuildPhase section */
		28E17C55A63B0A87CD64B2E2 /* [CP] Embed Pods Frameworks */ = {
			isa = PBXShellScriptBuildPhase;
			buildActionMask = 2147483647;
			files = (
			);
			inputFileListPaths = (
				"${PODS_ROOT}/Target Support Files/Pods-InitialWork/Pods-InitialWork-frameworks-${CONFIGURATION}-input-files.xcfilelist",
			);
			name = "[CP] Embed Pods Frameworks";
			outputFileListPaths = (
				"${PODS_ROOT}/Target Support Files/Pods-InitialWork/Pods-InitialWork-frameworks-${CONFIGURATION}-output-files.xcfilelist",
			);
			runOnlyForDeploymentPostprocessing = 0;
			shellPath = /bin/sh;
			shellScript = "\"${PODS_ROOT}/Target Support Files/Pods-InitialWork/Pods-InitialWork-frameworks.sh\"\n";
			showEnvVarsInLog = 0;
		};
		865307F5E5090006F3224E96 /* [CP] Check Pods Manifest.lock */ = {
			isa = PBXShellScriptBuildPhase;
			buildActionMask = 2147483647;
			files = (
			);
			inputFileListPaths = (
			);
			inputPaths = (
				"${PODS_PODFILE_DIR_PATH}/Podfile.lock",
				"${PODS_ROOT}/Manifest.lock",
			);
			name = "[CP] Check Pods Manifest.lock";
			outputFileListPaths = (
			);
			outputPaths = (
				"$(DERIVED_FILE_DIR)/Pods-InitialWork-checkManifestLockResult.txt",
			);
			runOnlyForDeploymentPostprocessing = 0;
			shellPath = /bin/sh;
			shellScript = "diff \"${PODS_PODFILE_DIR_PATH}/Podfile.lock\" \"${PODS_ROOT}/Manifest.lock\" > /dev/null\nif [ $? != 0 ] ; then\n    # print error to STDERR\n    echo \"error: The sandbox is not in sync with the Podfile.lock. Run 'pod install' or update your CocoaPods installation.\" >&2\n    exit 1\nfi\n# This output is used by Xcode 'outputs' to avoid re-running this script phase.\necho \"SUCCESS\" > \"${SCRIPT_OUTPUT_FILE_0}\"\n";
			showEnvVarsInLog = 0;
		};
/* End PBXShellScriptBuildPhase section */

/* Begin PBXSourcesBuildPhase section */
		2E571C24221BE62F00CC7394 /* Sources */ = {
			isa = PBXSourcesBuildPhase;
			buildActionMask = 2147483647;
			files = (
				2E6FBE6B2343705F00055E2E /* FirstDetailCell.swift in Sources */,
				2EB07D3D221BEC6D00242F2D /* GasStation.swift in Sources */,
				2E13E550234DFF740036E2E4 /* SettingCell.swift in Sources */,
				2EEC64E3231E9C5500055545 /* ResetPasswordVC.swift in Sources */,
				2E86B08D2328D11600569EB9 /* MyTabContoller.swift in Sources */,
				2EB07D39221BEC6D00242F2D /* RoundedView.swift in Sources */,
				5331B63023DEFB0D00CE05EF /* ReviewVC.swift in Sources */,
				2EC43E4823475AE900DB8E07 /* SubCatCell.swift in Sources */,
				2EC1B4AD233B69A200708B51 /* OrderDetailVC.swift in Sources */,
				2ECC2B27232B93B5004C9C19 /* FlashCell.swift in Sources */,
				2E9708962320DECC0022D55B /* CarouselCollectionViewCell.swift in Sources */,
				2EFEB86B2334CF4C0031E0AE /* TotalOrderCell.swift in Sources */,
				2EFEB8692334CD0B0031E0AE /* EditAddressCell.swift in Sources */,
				2EFEB86D2334D73F0031E0AE /* PaymentTypeCell.swift in Sources */,
				2E20AA97231FC7F800EFB53D /* HomeVC.swift in Sources */,
				2E6FBE6523435E1D00055E2E /* ProductDetailVC.swift in Sources */,
				2E86B08F2329109E00569EB9 /* HProductListCell.swift in Sources */,
				2EB07D33221BEC6D00242F2D /* AlertManager.swift in Sources */,
				2EC1B4AF233B6C6700708B51 /* ProductDetailCell.swift in Sources */,
				2E6FBE71234385CE00055E2E /* SecondCell.swift in Sources */,
				2EB07D3F221BEC6D00242F2D /* ApiCommunicator.swift in Sources */,
				2EB07D3C221BEC6D00242F2D /* Validation.swift in Sources */,
				2E9CE020233112A100565183 /* BrandsCell.swift in Sources */,
				2EB07D37221BEC6D00242F2D /* Consts.swift in Sources */,
				2EA8F217231D2CE800D99D6D /* Utils.swift in Sources */,
				2EFEB8722334F65F0031E0AE /* AccountCell.swift in Sources */,
				2EB07D3A221BEC6D00242F2D /* UserData.swift in Sources */,
				2ECD7596233CCAC40047029C /* FilterSliderCell.swift in Sources */,
				2EB07D40221BEC6D00242F2D /* Gasstation.swift in Sources */,
				2EA186D0231F91B300871AE3 /* OTPvc.swift in Sources */,
				2EB07D18221BEBC200242F2D /* AppDelegate.swift in Sources */,
				2E3A28042332509400D76E8F /* CartVC.swift in Sources */,
				2EBE25F12354876F00E07B26 /* EmojiCell.swift in Sources */,
				2EB07D3B221BEC6D00242F2D /* Extensions.swift in Sources */,
				2EEC64DA231E98F900055545 /* CustomTextfiled.swift in Sources */,
				2EEC64D8231E868900055545 /* CustomFont.swift in Sources */,
				2E13E547234DE5BE0036E2E4 /* AddressBookVC.swift in Sources */,
				2EB07D3E221BEC6D00242F2D /* ApiManager.swift in Sources */,
				2EFEB8702334F5880031E0AE /* AccountVC.swift in Sources */,
				2E13E55D234F0BBB0036E2E4 /* ReturnView.swift in Sources */,
				2E6FBE6D234380F400055E2E /* StorageCell.swift in Sources */,
				2E7488962333906200EC8B1F /* ListAdressCell.swift in Sources */,
				2E13E549234DE9D20036E2E4 /* NotificationVC.swift in Sources */,
				2E13E54B234DEEFC0036E2E4 /* AddAddressVC.swift in Sources */,
				2E0DA0432227C61500AA9B7C /* LanguageStrings.swift in Sources */,
				2EC1B4B1233B8A5C00708B51 /* FilterVC.swift in Sources */,
				2E0E75C22223FA9100DAD984 /* Reach.swift in Sources */,
				2ECC2B29232BADEB004C9C19 /* ListProductVC.swift in Sources */,
				2E77CC402338CCFA00103610 /* SubCategoryVC.swift in Sources */,
				2E9708992320DEF30022D55B /* GradientView.swift in Sources */,
				2EB07D36221BEC6D00242F2D /* Strings.swift in Sources */,
				2EAF20FA232A714D0045DF8B /* CategoryCell.swift in Sources */,
				2E0590F423460461009C78CF /* DescriptionCell.swift in Sources */,
				2EB07D38221BEC6D00242F2D /* Enums.swift in Sources */,
				2EF894D3232FA38300117187 /* ListTableCell.swift in Sources */,
				2EAAA62F221C219D00AE9B4D /* ParentViewController.swift in Sources */,
				2E2CC2952326602500B7D044 /* HomeCell.swift in Sources */,
				2EB07D34221BEC6D00242F2D /* Hud.swift in Sources */,
				2EC43E4A23476A4100DB8E07 /* HeaderCell.swift in Sources */,
				2EEC64E1231E9C3B00055545 /* LoginVC.swift in Sources */,
				2E13E54E234DFE510036E2E4 /* SettingVC.swift in Sources */,
				539D40E323C5DFD5006AA685 /* OfferVC.swift in Sources */,
				2E0EE9FA227473050066009C /* UIView_Borders.swift in Sources */,
				2EC43E46234729EA00DB8E07 /* ReviewCell.swift in Sources */,
				2E13E545234DBDD50036E2E4 /* OfferCell.swift in Sources */,
				2EEC64DF231E9C3B00055545 /* ForgotPassword.swift in Sources */,
				2E6FBE6923436E2900055E2E /* ProImageCell.swift in Sources */,
				2E9708972320DECC0022D55B /* Character.swift in Sources */,
				2EBE25EF2354871C00E07B26 /* FeedBackVC.swift in Sources */,
				2ECD7598233CEB0B0047029C /* TrackingVC.swift in Sources */,
				2EEC64E0231E9C3B00055545 /* RegisterVC.swift in Sources */,
				2EB034AD233A2A70004A308F /* MyOrderVC.swift in Sources */,
				2EB034AB233A2A2F004A308F /* MyOrderCell.swift in Sources */,
				2E9708932320DE4D0022D55B /* WalkThroughVC.swift in Sources */,
			);
			runOnlyForDeploymentPostprocessing = 0;
		};
		2E571C38221BE63000CC7394 /* Sources */ = {
			isa = PBXSourcesBuildPhase;
			buildActionMask = 2147483647;
			files = (
				2E571C41221BE63000CC7394 /* InitialWorkTests.swift in Sources */,
			);
			runOnlyForDeploymentPostprocessing = 0;
		};
		2E571C43221BE63000CC7394 /* Sources */ = {
			isa = PBXSourcesBuildPhase;
			buildActionMask = 2147483647;
			files = (
				2E571C4C221BE63000CC7394 /* InitialWorkUITests.swift in Sources */,
			);
			runOnlyForDeploymentPostprocessing = 0;
		};
/* End PBXSourcesBuildPhase section */

/* Begin PBXTargetDependency section */
		2E571C3E221BE63000CC7394 /* PBXTargetDependency */ = {
			isa = PBXTargetDependency;
			target = 2E571C27221BE62F00CC7394 /* InitialWork */;
			targetProxy = 2E571C3D221BE63000CC7394 /* PBXContainerItemProxy */;
		};
		2E571C49221BE63000CC7394 /* PBXTargetDependency */ = {
			isa = PBXTargetDependency;
			target = 2E571C27221BE62F00CC7394 /* InitialWork */;
			targetProxy = 2E571C48221BE63000CC7394 /* PBXContainerItemProxy */;
		};
/* End PBXTargetDependency section */

/* Begin PBXVariantGroup section */
		2E089A892226C9770004FC07 /* Localizable.plist */ = {
			isa = PBXVariantGroup;
			children = (
				2E089A8A2226C9770004FC07 /* en */,
				2E089A8B2226C9770004FC07 /* hi */,
			);
			name = Localizable.plist;
			sourceTree = "<group>";
		};
		2EB07D0C221BEBC200242F2D /* LaunchScreen.storyboard */ = {
			isa = PBXVariantGroup;
			children = (
				2EB07D0D221BEBC200242F2D /* Base */,
				2E089A7A2226A1730004FC07 /* hi */,
			);
			name = LaunchScreen.storyboard;
			sourceTree = "<group>";
		};
		2EB07D0E221BEBC200242F2D /* Main.storyboard */ = {
			isa = PBXVariantGroup;
			children = (
				2EB07D0F221BEBC200242F2D /* Base */,
				2E089A7B2226A1730004FC07 /* hi */,
			);
			name = Main.storyboard;
			sourceTree = "<group>";
		};
/* End PBXVariantGroup section */

/* Begin XCBuildConfiguration section */
		2E571C4E221BE63000CC7394 /* Debug */ = {
			isa = XCBuildConfiguration;
			buildSettings = {
				ALWAYS_SEARCH_USER_PATHS = NO;
				CLANG_ANALYZER_LOCALIZABILITY_NONLOCALIZED = YES;
				CLANG_ANALYZER_NONNULL = YES;
				CLANG_ANALYZER_NUMBER_OBJECT_CONVERSION = YES_AGGRESSIVE;
				CLANG_CXX_LANGUAGE_STANDARD = "gnu++14";
				CLANG_CXX_LIBRARY = "libc++";
				CLANG_ENABLE_MODULES = YES;
				CLANG_ENABLE_OBJC_ARC = YES;
				CLANG_ENABLE_OBJC_WEAK = YES;
				CLANG_WARN_BLOCK_CAPTURE_AUTORELEASING = YES;
				CLANG_WARN_BOOL_CONVERSION = YES;
				CLANG_WARN_COMMA = YES;
				CLANG_WARN_CONSTANT_CONVERSION = YES;
				CLANG_WARN_DEPRECATED_OBJC_IMPLEMENTATIONS = YES;
				CLANG_WARN_DIRECT_OBJC_ISA_USAGE = YES_ERROR;
				CLANG_WARN_DOCUMENTATION_COMMENTS = YES;
				CLANG_WARN_EMPTY_BODY = YES;
				CLANG_WARN_ENUM_CONVERSION = YES;
				CLANG_WARN_INFINITE_RECURSION = YES;
				CLANG_WARN_INT_CONVERSION = YES;
				CLANG_WARN_NON_LITERAL_NULL_CONVERSION = YES;
				CLANG_WARN_OBJC_IMPLICIT_RETAIN_SELF = YES;
				CLANG_WARN_OBJC_LITERAL_CONVERSION = YES;
				CLANG_WARN_OBJC_ROOT_CLASS = YES_ERROR;
				CLANG_WARN_RANGE_LOOP_ANALYSIS = YES;
				CLANG_WARN_STRICT_PROTOTYPES = YES;
				CLANG_WARN_SUSPICIOUS_MOVE = YES;
				CLANG_WARN_UNGUARDED_AVAILABILITY = YES_AGGRESSIVE;
				CLANG_WARN_UNREACHABLE_CODE = YES;
				CLANG_WARN__DUPLICATE_METHOD_MATCH = YES;
				CODE_SIGN_IDENTITY = "iPhone Developer";
				COPY_PHASE_STRIP = NO;
				DEBUG_INFORMATION_FORMAT = dwarf;
				ENABLE_STRICT_OBJC_MSGSEND = YES;
				ENABLE_TESTABILITY = YES;
				GCC_C_LANGUAGE_STANDARD = gnu11;
				GCC_DYNAMIC_NO_PIC = NO;
				GCC_NO_COMMON_BLOCKS = YES;
				GCC_OPTIMIZATION_LEVEL = 0;
				GCC_PREPROCESSOR_DEFINITIONS = (
					"DEBUG=1",
					"$(inherited)",
				);
				GCC_WARN_64_TO_32_BIT_CONVERSION = YES;
				GCC_WARN_ABOUT_RETURN_TYPE = YES_ERROR;
				GCC_WARN_UNDECLARED_SELECTOR = YES;
				GCC_WARN_UNINITIALIZED_AUTOS = YES_AGGRESSIVE;
				GCC_WARN_UNUSED_FUNCTION = YES;
				GCC_WARN_UNUSED_VARIABLE = YES;
				IPHONEOS_DEPLOYMENT_TARGET = 12.4;
				MTL_ENABLE_DEBUG_INFO = INCLUDE_SOURCE;
				MTL_FAST_MATH = YES;
				ONLY_ACTIVE_ARCH = YES;
				SDKROOT = iphoneos;
				SWIFT_ACTIVE_COMPILATION_CONDITIONS = DEBUG;
				SWIFT_OPTIMIZATION_LEVEL = "-Onone";
			};
			name = Debug;
		};
		2E571C4F221BE63000CC7394 /* Release */ = {
			isa = XCBuildConfiguration;
			buildSettings = {
				ALWAYS_SEARCH_USER_PATHS = NO;
				CLANG_ANALYZER_LOCALIZABILITY_NONLOCALIZED = YES;
				CLANG_ANALYZER_NONNULL = YES;
				CLANG_ANALYZER_NUMBER_OBJECT_CONVERSION = YES_AGGRESSIVE;
				CLANG_CXX_LANGUAGE_STANDARD = "gnu++14";
				CLANG_CXX_LIBRARY = "libc++";
				CLANG_ENABLE_MODULES = YES;
				CLANG_ENABLE_OBJC_ARC = YES;
				CLANG_ENABLE_OBJC_WEAK = YES;
				CLANG_WARN_BLOCK_CAPTURE_AUTORELEASING = YES;
				CLANG_WARN_BOOL_CONVERSION = YES;
				CLANG_WARN_COMMA = YES;
				CLANG_WARN_CONSTANT_CONVERSION = YES;
				CLANG_WARN_DEPRECATED_OBJC_IMPLEMENTATIONS = YES;
				CLANG_WARN_DIRECT_OBJC_ISA_USAGE = YES_ERROR;
				CLANG_WARN_DOCUMENTATION_COMMENTS = YES;
				CLANG_WARN_EMPTY_BODY = YES;
				CLANG_WARN_ENUM_CONVERSION = YES;
				CLANG_WARN_INFINITE_RECURSION = YES;
				CLANG_WARN_INT_CONVERSION = YES;
				CLANG_WARN_NON_LITERAL_NULL_CONVERSION = YES;
				CLANG_WARN_OBJC_IMPLICIT_RETAIN_SELF = YES;
				CLANG_WARN_OBJC_LITERAL_CONVERSION = YES;
				CLANG_WARN_OBJC_ROOT_CLASS = YES_ERROR;
				CLANG_WARN_RANGE_LOOP_ANALYSIS = YES;
				CLANG_WARN_STRICT_PROTOTYPES = YES;
				CLANG_WARN_SUSPICIOUS_MOVE = YES;
				CLANG_WARN_UNGUARDED_AVAILABILITY = YES_AGGRESSIVE;
				CLANG_WARN_UNREACHABLE_CODE = YES;
				CLANG_WARN__DUPLICATE_METHOD_MATCH = YES;
				CODE_SIGN_IDENTITY = "iPhone Developer";
				COPY_PHASE_STRIP = NO;
				DEBUG_INFORMATION_FORMAT = "dwarf-with-dsym";
				ENABLE_NS_ASSERTIONS = NO;
				ENABLE_STRICT_OBJC_MSGSEND = YES;
				GCC_C_LANGUAGE_STANDARD = gnu11;
				GCC_NO_COMMON_BLOCKS = YES;
				GCC_WARN_64_TO_32_BIT_CONVERSION = YES;
				GCC_WARN_ABOUT_RETURN_TYPE = YES_ERROR;
				GCC_WARN_UNDECLARED_SELECTOR = YES;
				GCC_WARN_UNINITIALIZED_AUTOS = YES_AGGRESSIVE;
				GCC_WARN_UNUSED_FUNCTION = YES;
				GCC_WARN_UNUSED_VARIABLE = YES;
				IPHONEOS_DEPLOYMENT_TARGET = 12.4;
				MTL_ENABLE_DEBUG_INFO = NO;
				MTL_FAST_MATH = YES;
				SDKROOT = iphoneos;
				SWIFT_COMPILATION_MODE = wholemodule;
				SWIFT_OPTIMIZATION_LEVEL = "-O";
				VALIDATE_PRODUCT = YES;
			};
			name = Release;
		};
		2E571C51221BE63000CC7394 /* Debug */ = {
			isa = XCBuildConfiguration;
			baseConfigurationReference = B62D4C2C63A3B8A25F781AB7 /* Pods-InitialWork.debug.xcconfig */;
			buildSettings = {
				ASSETCATALOG_COMPILER_APPICON_NAME = AppIcon;
				CODE_SIGN_STYLE = Automatic;
				DEVELOPMENT_TEAM = YA4536WK7P;
				INFOPLIST_FILE = InitialWork/Info.plist;
				IPHONEOS_DEPLOYMENT_TARGET = 10.1;
				LD_RUNPATH_SEARCH_PATHS = (
					"$(inherited)",
					"@executable_path/Frameworks",
				);
				PRODUCT_BUNDLE_IDENTIFIER = com.Gunjan.Ecommerce;
				PRODUCT_NAME = "$(TARGET_NAME)";
				SWIFT_VERSION = 4.2;
				TARGETED_DEVICE_FAMILY = "1,2";
			};
			name = Debug;
		};
		2E571C52221BE63000CC7394 /* Release */ = {
			isa = XCBuildConfiguration;
			baseConfigurationReference = B7FA7A177697FE46A313AB33 /* Pods-InitialWork.release.xcconfig */;
			buildSettings = {
				ASSETCATALOG_COMPILER_APPICON_NAME = AppIcon;
				CODE_SIGN_STYLE = Automatic;
				DEVELOPMENT_TEAM = YA4536WK7P;
				INFOPLIST_FILE = InitialWork/Info.plist;
				IPHONEOS_DEPLOYMENT_TARGET = 10.1;
				LD_RUNPATH_SEARCH_PATHS = (
					"$(inherited)",
					"@executable_path/Frameworks",
				);
				PRODUCT_BUNDLE_IDENTIFIER = com.Gunjan.Ecommerce;
				PRODUCT_NAME = "$(TARGET_NAME)";
				SWIFT_VERSION = 4.2;
				TARGETED_DEVICE_FAMILY = "1,2";
			};
			name = Release;
		};
		2E571C54221BE63000CC7394 /* Debug */ = {
			isa = XCBuildConfiguration;
			buildSettings = {
				ALWAYS_EMBED_SWIFT_STANDARD_LIBRARIES = YES;
				BUNDLE_LOADER = "$(TEST_HOST)";
				CODE_SIGN_STYLE = Automatic;
				DEVELOPMENT_TEAM = 4T2N5GRW3Z;
				INFOPLIST_FILE = InitialWorkTests/Info.plist;
				LD_RUNPATH_SEARCH_PATHS = (
					"$(inherited)",
					"@executable_path/Frameworks",
					"@loader_path/Frameworks",
				);
				PRODUCT_BUNDLE_IDENTIFIER = com.Gunjan.InitialWorkTests;
				PRODUCT_NAME = "$(TARGET_NAME)";
				SWIFT_VERSION = 4.2;
				TARGETED_DEVICE_FAMILY = "1,2";
				TEST_HOST = "$(BUILT_PRODUCTS_DIR)/InitialWork.app/InitialWork";
			};
			name = Debug;
		};
		2E571C55221BE63000CC7394 /* Release */ = {
			isa = XCBuildConfiguration;
			buildSettings = {
				ALWAYS_EMBED_SWIFT_STANDARD_LIBRARIES = YES;
				BUNDLE_LOADER = "$(TEST_HOST)";
				CODE_SIGN_STYLE = Automatic;
				DEVELOPMENT_TEAM = 4T2N5GRW3Z;
				INFOPLIST_FILE = InitialWorkTests/Info.plist;
				LD_RUNPATH_SEARCH_PATHS = (
					"$(inherited)",
					"@executable_path/Frameworks",
					"@loader_path/Frameworks",
				);
				PRODUCT_BUNDLE_IDENTIFIER = com.Gunjan.InitialWorkTests;
				PRODUCT_NAME = "$(TARGET_NAME)";
				SWIFT_VERSION = 4.2;
				TARGETED_DEVICE_FAMILY = "1,2";
				TEST_HOST = "$(BUILT_PRODUCTS_DIR)/InitialWork.app/InitialWork";
			};
			name = Release;
		};
		2E571C57221BE63000CC7394 /* Debug */ = {
			isa = XCBuildConfiguration;
			buildSettings = {
				ALWAYS_EMBED_SWIFT_STANDARD_LIBRARIES = YES;
				CODE_SIGN_STYLE = Automatic;
				DEVELOPMENT_TEAM = 4T2N5GRW3Z;
				INFOPLIST_FILE = InitialWorkUITests/Info.plist;
				LD_RUNPATH_SEARCH_PATHS = (
					"$(inherited)",
					"@executable_path/Frameworks",
					"@loader_path/Frameworks",
				);
				PRODUCT_BUNDLE_IDENTIFIER = com.Gunjan.InitialWorkUITests;
				PRODUCT_NAME = "$(TARGET_NAME)";
				SWIFT_VERSION = 4.2;
				TARGETED_DEVICE_FAMILY = "1,2";
				TEST_TARGET_NAME = InitialWork;
			};
			name = Debug;
		};
		2E571C58221BE63000CC7394 /* Release */ = {
			isa = XCBuildConfiguration;
			buildSettings = {
				ALWAYS_EMBED_SWIFT_STANDARD_LIBRARIES = YES;
				CODE_SIGN_STYLE = Automatic;
				DEVELOPMENT_TEAM = 4T2N5GRW3Z;
				INFOPLIST_FILE = InitialWorkUITests/Info.plist;
				LD_RUNPATH_SEARCH_PATHS = (
					"$(inherited)",
					"@executable_path/Frameworks",
					"@loader_path/Frameworks",
				);
				PRODUCT_BUNDLE_IDENTIFIER = com.Gunjan.InitialWorkUITests;
				PRODUCT_NAME = "$(TARGET_NAME)";
				SWIFT_VERSION = 4.2;
				TARGETED_DEVICE_FAMILY = "1,2";
				TEST_TARGET_NAME = InitialWork;
			};
			name = Release;
		};
/* End XCBuildConfiguration section */

/* Begin XCConfigurationList section */
		2E571C23221BE62F00CC7394 /* Build configuration list for PBXProject "InitialWork" */ = {
			isa = XCConfigurationList;
			buildConfigurations = (
				2E571C4E221BE63000CC7394 /* Debug */,
				2E571C4F221BE63000CC7394 /* Release */,
			);
			defaultConfigurationIsVisible = 0;
			defaultConfigurationName = Release;
		};
		2E571C50221BE63000CC7394 /* Build configuration list for PBXNativeTarget "InitialWork" */ = {
			isa = XCConfigurationList;
			buildConfigurations = (
				2E571C51221BE63000CC7394 /* Debug */,
				2E571C52221BE63000CC7394 /* Release */,
			);
			defaultConfigurationIsVisible = 0;
			defaultConfigurationName = Release;
		};
		2E571C53221BE63000CC7394 /* Build configuration list for PBXNativeTarget "InitialWorkTests" */ = {
			isa = XCConfigurationList;
			buildConfigurations = (
				2E571C54221BE63000CC7394 /* Debug */,
				2E571C55221BE63000CC7394 /* Release */,
			);
			defaultConfigurationIsVisible = 0;
			defaultConfigurationName = Release;
		};
		2E571C56221BE63000CC7394 /* Build configuration list for PBXNativeTarget "InitialWorkUITests" */ = {
			isa = XCConfigurationList;
			buildConfigurations = (
				2E571C57221BE63000CC7394 /* Debug */,
				2E571C58221BE63000CC7394 /* Release */,
			);
			defaultConfigurationIsVisible = 0;
			defaultConfigurationName = Release;
		};
/* End XCConfigurationList section */
	};
	rootObject = 2E571C20221BE62F00CC7394 /* Project object */;
}
